
Microsoft Visual Studio Solution File, Format Version 12.00
# Visual Studio 15
VisualStudioVersion = 15.0.27130.2036
MinimumVisualStudioVersion = 10.0.40219.1
Project("{FAE04EC0-301F-11D3-BF4B-00C04F79EFBC}") = "Task3", "Task3\Task3.csproj", "{DB1CF132-CD3A-4EFE-AF1A-D2D122BCBECF}"
EndProject
Global
	GlobalSection(SolutionConfigurationPlatforms) = preSolution
		Debug|Any CPU = Debug|Any CPU
		Release|Any CPU = Release|Any CPU
	EndGlobalSection
	GlobalSection(ProjectConfigurationPlatforms) = postSolution
		{DB1CF132-CD3A-4EFE-AF1A-D2D122BCBECF}.Debug|Any CPU.ActiveCfg = Debug|Any CPU
		{DB1CF132-CD3A-4EFE-AF1A-D2D122BCBECF}.Debug|Any CPU.Build.0 = Debug|Any CPU
		{DB1CF132-CD3A-4EFE-AF1A-D2D122BCBECF}.Release|Any CPU.ActiveCfg = Release|Any CPU
		{DB1CF132-CD3A-4EFE-AF1A-D2D122BCBECF}.Release|Any CPU.Build.0 = Release|Any CPU
	EndGlobalSection
	GlobalSection(SolutionProperties) = preSolution
		HideSolutionNode = FALSE
	EndGlobalSection
	GlobalSection(ExtensibilityGlobals) = postSolution
		SolutionGuid = {872D7702-EA77-44DD-B40A-BE5816ADFDC3}
	EndGlobalSection
EndGlobal
